
Microsoft Visual Studio Solution File, Format Version 12.00
# Visual Studio Version 16
VisualStudioVersion = 16.0.30717.126
MinimumVisualStudioVersion = 10.0.40219.1
Project("{FAE04EC0-301F-11D3-BF4B-00C04F79EFBC}") = "Reciply.Android", "Reciply\Reciply.Android\Reciply.Android.csproj", "{EFB8636D-814E-4712-933A-814B483218BB}"
EndProject
Project("{FAE04EC0-301F-11D3-BF4B-00C04F79EFBC}") = "Reciply", "Reciply\Reciply\Reciply.csproj", "{C9C09EE8-6160-4E1C-B759-A74FAE1DF649}"
EndProject
Global
	GlobalSection(SolutionConfigurationPlatforms) = preSolution
		Debug|Any CPU = Debug|Any CPU
		Release|Any CPU = Release|Any CPU
	EndGlobalSection
	GlobalSection(ProjectConfigurationPlatforms) = postSolution
		{EFB8636D-814E-4712-933A-814B483218BB}.Debug|Any CPU.ActiveCfg = Debug|Any CPU
		{EFB8636D-814E-4712-933A-814B483218BB}.Debug|Any CPU.Build.0 = Debug|Any CPU
		{EFB8636D-814E-4712-933A-814B483218BB}.Debug|Any CPU.Deploy.0 = Debug|Any CPU
		{EFB8636D-814E-4712-933A-814B483218BB}.Release|Any CPU.ActiveCfg = Release|Any CPU
		{EFB8636D-814E-4712-933A-814B483218BB}.Release|Any CPU.Build.0 = Release|Any CPU
		{EFB8636D-814E-4712-933A-814B483218BB}.Release|Any CPU.Deploy.0 = Release|Any CPU
		{C9C09EE8-6160-4E1C-B759-A74FAE1DF649}.Debug|Any CPU.ActiveCfg = Debug|Any CPU
		{C9C09EE8-6160-4E1C-B759-A74FAE1DF649}.Debug|Any CPU.Build.0 = Debug|Any CPU
		{C9C09EE8-6160-4E1C-B759-A74FAE1DF649}.Debug|Any CPU.Deploy.0 = Debug|Any CPU
		{C9C09EE8-6160-4E1C-B759-A74FAE1DF649}.Release|Any CPU.ActiveCfg = Release|Any CPU
		{C9C09EE8-6160-4E1C-B759-A74FAE1DF649}.Release|Any CPU.Build.0 = Release|Any CPU
		{C9C09EE8-6160-4E1C-B759-A74FAE1DF649}.Release|Any CPU.Deploy.0 = Release|Any CPU
	EndGlobalSection
	GlobalSection(SolutionProperties) = preSolution
		HideSolutionNode = FALSE
	EndGlobalSection
	GlobalSection(ExtensibilityGlobals) = postSolution
		SolutionGuid = {9CA26887-AA53-4A9A-BDB3-02D645C6974D}
	EndGlobalSection
EndGlobal
